
Microsoft Visual Studio Solution File, Format Version 12.00
# Visual Studio Version 17
VisualStudioVersion = 17.5.33516.290
MinimumVisualStudioVersion = 10.0.40219.1
Project("{9A19103F-16F7-4668-BE54-9A1E7A4F7556}") = "Start.Common", "Start\Start.Common.csproj", "{F32438A2-0B88-4109-ACBB-52CCA1621DCB}"
EndProject
Project("{2150E333-8FDC-42A3-9474-1A3956D46DE8}") = "Common", "Common", "{D651424C-3F52-42A8-A2BD-FC3F492A3CD2}"
EndProject
Project("{9A19103F-16F7-4668-BE54-9A1E7A4F7556}") = "Start.Infrastructure", "Infrastructure\Infrastructure\Start.Infrastructure.csproj", "{2BBD6A05-A11B-4F97-BC87-C2B97F20AF8B}"
EndProject
Project("{2150E333-8FDC-42A3-9474-1A3956D46DE8}") = "DataBase", "DataBase", "{4E00718B-C8FD-4F6C-9F12-CCA46561507B}"
EndProject
Project("{00D1A9C2-B5F0-4AF3-8072-F6C62B433612}") = "SnpDb", "StartAppDB\SnpDb.sqlproj", "{FA2E2216-0391-4CB7-8165-6F19F3BFAD46}"
EndProject
Project("{2150E333-8FDC-42A3-9474-1A3956D46DE8}") = "Modules", "Modules", "{ADD84C44-39DD-4F8F-B870-CA41096D73F1}"
EndProject
Project("{2150E333-8FDC-42A3-9474-1A3956D46DE8}") = "Containers", "Containers", "{644035EA-EED7-4E8B-9405-6045AFCDF593}"
EndProject
Project("{9A19103F-16F7-4668-BE54-9A1E7A4F7556}") = "AppContainer", "AppContainer\AppContainer.csproj", "{E559BD5A-FB90-49AD-9726-76E6F4D157B3}"
EndProject
Project("{2150E333-8FDC-42A3-9474-1A3956D46DE8}") = "SnpModule", "SnpModule", "{8AC39603-0B86-4877-9DD3-40978481D048}"
EndProject
Project("{9A19103F-16F7-4668-BE54-9A1E7A4F7556}") = "Snp.Domain", "Snp.Domain\Snp.Domain.csproj", "{1498847B-4140-4515-9361-4A52FC0DBCC9}"
EndProject
Project("{9A19103F-16F7-4668-BE54-9A1E7A4F7556}") = "Snp.Tests", "Modules\SnpModule\Snp.Tests\Snp.Tests.csproj", "{DF75EF3A-8E93-4DA2-B633-E802C01A85DF}"
EndProject
Project("{9A19103F-16F7-4668-BE54-9A1E7A4F7556}") = "Snp.Api", "Modules\SnpModule\Snp.Api\Snp.Api.csproj", "{A9238517-9DA4-4CFC-B640-60634C8B8FE6}"
EndProject
Project("{E53339B2-1760-4266-BCC7-CA923CBCF16C}") = "docker-compose", "docker-compose.dcproj", "{3A6755D8-6723-4F67-A79A-76642DA19500}"
EndProject
Global
	GlobalSection(SolutionConfigurationPlatforms) = preSolution
		Debug|Any CPU = Debug|Any CPU
		Release|Any CPU = Release|Any CPU
	EndGlobalSection
	GlobalSection(ProjectConfigurationPlatforms) = postSolution
		{F32438A2-0B88-4109-ACBB-52CCA1621DCB}.Debug|Any CPU.ActiveCfg = Debug|Any CPU
		{F32438A2-0B88-4109-ACBB-52CCA1621DCB}.Debug|Any CPU.Build.0 = Debug|Any CPU
		{F32438A2-0B88-4109-ACBB-52CCA1621DCB}.Release|Any CPU.ActiveCfg = Release|Any CPU
		{F32438A2-0B88-4109-ACBB-52CCA1621DCB}.Release|Any CPU.Build.0 = Release|Any CPU
		{2BBD6A05-A11B-4F97-BC87-C2B97F20AF8B}.Debug|Any CPU.ActiveCfg = Debug|Any CPU
		{2BBD6A05-A11B-4F97-BC87-C2B97F20AF8B}.Debug|Any CPU.Build.0 = Debug|Any CPU
		{2BBD6A05-A11B-4F97-BC87-C2B97F20AF8B}.Release|Any CPU.ActiveCfg = Release|Any CPU
		{2BBD6A05-A11B-4F97-BC87-C2B97F20AF8B}.Release|Any CPU.Build.0 = Release|Any CPU
		{FA2E2216-0391-4CB7-8165-6F19F3BFAD46}.Debug|Any CPU.ActiveCfg = Debug|Any CPU
		{FA2E2216-0391-4CB7-8165-6F19F3BFAD46}.Debug|Any CPU.Build.0 = Debug|Any CPU
		{FA2E2216-0391-4CB7-8165-6F19F3BFAD46}.Debug|Any CPU.Deploy.0 = Debug|Any CPU
		{FA2E2216-0391-4CB7-8165-6F19F3BFAD46}.Release|Any CPU.ActiveCfg = Release|Any CPU
		{FA2E2216-0391-4CB7-8165-6F19F3BFAD46}.Release|Any CPU.Build.0 = Release|Any CPU
		{FA2E2216-0391-4CB7-8165-6F19F3BFAD46}.Release|Any CPU.Deploy.0 = Release|Any CPU
		{E559BD5A-FB90-49AD-9726-76E6F4D157B3}.Debug|Any CPU.ActiveCfg = Debug|Any CPU
		{E559BD5A-FB90-49AD-9726-76E6F4D157B3}.Debug|Any CPU.Build.0 = Debug|Any CPU
		{E559BD5A-FB90-49AD-9726-76E6F4D157B3}.Release|Any CPU.ActiveCfg = Release|Any CPU
		{E559BD5A-FB90-49AD-9726-76E6F4D157B3}.Release|Any CPU.Build.0 = Release|Any CPU
		{1498847B-4140-4515-9361-4A52FC0DBCC9}.Debug|Any CPU.ActiveCfg = Debug|Any CPU
		{1498847B-4140-4515-9361-4A52FC0DBCC9}.Debug|Any CPU.Build.0 = Debug|Any CPU
		{1498847B-4140-4515-9361-4A52FC0DBCC9}.Release|Any CPU.ActiveCfg = Release|Any CPU
		{1498847B-4140-4515-9361-4A52FC0DBCC9}.Release|Any CPU.Build.0 = Release|Any CPU
		{DF75EF3A-8E93-4DA2-B633-E802C01A85DF}.Debug|Any CPU.ActiveCfg = Debug|Any CPU
		{DF75EF3A-8E93-4DA2-B633-E802C01A85DF}.Debug|Any CPU.Build.0 = Debug|Any CPU
		{DF75EF3A-8E93-4DA2-B633-E802C01A85DF}.Release|Any CPU.ActiveCfg = Release|Any CPU
		{DF75EF3A-8E93-4DA2-B633-E802C01A85DF}.Release|Any CPU.Build.0 = Release|Any CPU
		{A9238517-9DA4-4CFC-B640-60634C8B8FE6}.Debug|Any CPU.ActiveCfg = Debug|Any CPU
		{A9238517-9DA4-4CFC-B640-60634C8B8FE6}.Debug|Any CPU.Build.0 = Debug|Any CPU
		{A9238517-9DA4-4CFC-B640-60634C8B8FE6}.Release|Any CPU.ActiveCfg = Release|Any CPU
		{A9238517-9DA4-4CFC-B640-60634C8B8FE6}.Release|Any CPU.Build.0 = Release|Any CPU
		{3A6755D8-6723-4F67-A79A-76642DA19500}.Debug|Any CPU.ActiveCfg = Debug|Any CPU
		{3A6755D8-6723-4F67-A79A-76642DA19500}.Debug|Any CPU.Build.0 = Debug|Any CPU
		{3A6755D8-6723-4F67-A79A-76642DA19500}.Release|Any CPU.ActiveCfg = Release|Any CPU
		{3A6755D8-6723-4F67-A79A-76642DA19500}.Release|Any CPU.Build.0 = Release|Any CPU
	EndGlobalSection
	GlobalSection(SolutionProperties) = preSolution
		HideSolutionNode = FALSE
	EndGlobalSection
	GlobalSection(NestedProjects) = preSolution
		{F32438A2-0B88-4109-ACBB-52CCA1621DCB} = {D651424C-3F52-42A8-A2BD-FC3F492A3CD2}
		{2BBD6A05-A11B-4F97-BC87-C2B97F20AF8B} = {D651424C-3F52-42A8-A2BD-FC3F492A3CD2}
		{FA2E2216-0391-4CB7-8165-6F19F3BFAD46} = {4E00718B-C8FD-4F6C-9F12-CCA46561507B}
		{E559BD5A-FB90-49AD-9726-76E6F4D157B3} = {644035EA-EED7-4E8B-9405-6045AFCDF593}
		{8AC39603-0B86-4877-9DD3-40978481D048} = {ADD84C44-39DD-4F8F-B870-CA41096D73F1}
		{1498847B-4140-4515-9361-4A52FC0DBCC9} = {8AC39603-0B86-4877-9DD3-40978481D048}
		{DF75EF3A-8E93-4DA2-B633-E802C01A85DF} = {8AC39603-0B86-4877-9DD3-40978481D048}
		{A9238517-9DA4-4CFC-B640-60634C8B8FE6} = {8AC39603-0B86-4877-9DD3-40978481D048}
	EndGlobalSection
	GlobalSection(ExtensibilityGlobals) = postSolution
		SolutionGuid = {D744E633-D60C-4646-843F-95016DB190B8}
	EndGlobalSection
EndGlobal
