
Microsoft Visual Studio Solution File, Format Version 12.00
# Visual Studio Version 17
VisualStudioVersion = 17.5.33516.290
MinimumVisualStudioVersion = 10.0.40219.1
Project("{9A19103F-16F7-4668-BE54-9A1E7A4F7556}") = "Start.Common", "Start\Start.Common.csproj", "{F32438A2-0B88-4109-ACBB-52CCA1621DCB}"
EndProject
Project("{2150E333-8FDC-42A3-9474-1A3956D46DE8}") = "Common", "Common", "{D651424C-3F52-42A8-A2BD-FC3F492A3CD2}"
EndProject
Project("{9A19103F-16F7-4668-BE54-9A1E7A4F7556}") = "Start.Infrastructure", "Infrastructure\Infrastructure\Start.Infrastructure.csproj", "{2BBD6A05-A11B-4F97-BC87-C2B97F20AF8B}"
EndProject
Project("{2150E333-8FDC-42A3-9474-1A3956D46DE8}") = "DataBase", "DataBase", "{4E00718B-C8FD-4F6C-9F12-CCA46561507B}"
EndProject
Project("{00D1A9C2-B5F0-4AF3-8072-F6C62B433612}") = "AppentDB", "StartAppDB\AppentDB.sqlproj", "{FA2E2216-0391-4CB7-8165-6F19F3BFAD46}"
EndProject
Project("{2150E333-8FDC-42A3-9474-1A3956D46DE8}") = "Modules", "Modules", "{ADD84C44-39DD-4F8F-B870-CA41096D73F1}"
EndProject
Project("{2150E333-8FDC-42A3-9474-1A3956D46DE8}") = "Loads", "Loads", "{C63AB4BF-7115-41FA-AA7F-AE5B5F481579}"
EndProject
Project("{2150E333-8FDC-42A3-9474-1A3956D46DE8}") = "ReferenceData", "ReferenceData", "{E8B4D9C4-9804-45F5-BB65-76038BB10B2D}"
EndProject
Project("{2150E333-8FDC-42A3-9474-1A3956D46DE8}") = "Security", "Security", "{E88EF2B8-436C-4BCA-BC65-016E672E880F}"
EndProject
Project("{9A19103F-16F7-4668-BE54-9A1E7A4F7556}") = "Loads.Api.Public", "Modules\Loads\Loads.Api.Public\Loads.Api.Public.csproj", "{CEE71BB8-F943-41C5-B1BA-7916E6C757A8}"
EndProject
Project("{9A19103F-16F7-4668-BE54-9A1E7A4F7556}") = "Loads.Domain", "Modules\Loads\Loads.Domain\Loads.Domain.csproj", "{38C03A2A-8F18-43F2-A3C1-3B9C953D1D85}"
EndProject
Project("{9A19103F-16F7-4668-BE54-9A1E7A4F7556}") = "Security.Api.Public", "Modules\Security\Security.Api.Public\Security.Api.Public.csproj", "{DF093D2C-DB02-4669-BFC5-8EBF0C3B14C1}"
EndProject
Project("{9A19103F-16F7-4668-BE54-9A1E7A4F7556}") = "Security.Api.Admin", "Modules\Security\Security.Api.Admin\Security.Api.Admin.csproj", "{5C24E83E-D4ED-401C-A73D-F1AC4FC25F7C}"
EndProject
Project("{9A19103F-16F7-4668-BE54-9A1E7A4F7556}") = "Security.Domain", "Modules\Security\Security.Domain\Security.Domain.csproj", "{20BC1A10-77A6-44BB-A8C9-F17A5AEA793B}"
EndProject
Project("{9A19103F-16F7-4668-BE54-9A1E7A4F7556}") = "ReferenceData.Domain", "Modules\ReferenceData\ReferenceData.Domain\ReferenceData.Domain.csproj", "{B7091D7E-75D9-40E5-94AB-44AFBC187530}"
EndProject
Project("{2150E333-8FDC-42A3-9474-1A3956D46DE8}") = "Containers", "Containers", "{644035EA-EED7-4E8B-9405-6045AFCDF593}"
EndProject
Project("{9A19103F-16F7-4668-BE54-9A1E7A4F7556}") = "AppContainer", "AppContainer\AppContainer.csproj", "{E559BD5A-FB90-49AD-9726-76E6F4D157B3}"
EndProject
Global
	GlobalSection(SolutionConfigurationPlatforms) = preSolution
		Debug|Any CPU = Debug|Any CPU
		Release|Any CPU = Release|Any CPU
	EndGlobalSection
	GlobalSection(ProjectConfigurationPlatforms) = postSolution
		{F32438A2-0B88-4109-ACBB-52CCA1621DCB}.Debug|Any CPU.ActiveCfg = Debug|Any CPU
		{F32438A2-0B88-4109-ACBB-52CCA1621DCB}.Debug|Any CPU.Build.0 = Debug|Any CPU
		{F32438A2-0B88-4109-ACBB-52CCA1621DCB}.Release|Any CPU.ActiveCfg = Release|Any CPU
		{F32438A2-0B88-4109-ACBB-52CCA1621DCB}.Release|Any CPU.Build.0 = Release|Any CPU
		{2BBD6A05-A11B-4F97-BC87-C2B97F20AF8B}.Debug|Any CPU.ActiveCfg = Debug|Any CPU
		{2BBD6A05-A11B-4F97-BC87-C2B97F20AF8B}.Debug|Any CPU.Build.0 = Debug|Any CPU
		{2BBD6A05-A11B-4F97-BC87-C2B97F20AF8B}.Release|Any CPU.ActiveCfg = Release|Any CPU
		{2BBD6A05-A11B-4F97-BC87-C2B97F20AF8B}.Release|Any CPU.Build.0 = Release|Any CPU
		{FA2E2216-0391-4CB7-8165-6F19F3BFAD46}.Debug|Any CPU.ActiveCfg = Debug|Any CPU
		{FA2E2216-0391-4CB7-8165-6F19F3BFAD46}.Debug|Any CPU.Build.0 = Debug|Any CPU
		{FA2E2216-0391-4CB7-8165-6F19F3BFAD46}.Debug|Any CPU.Deploy.0 = Debug|Any CPU
		{FA2E2216-0391-4CB7-8165-6F19F3BFAD46}.Release|Any CPU.ActiveCfg = Release|Any CPU
		{FA2E2216-0391-4CB7-8165-6F19F3BFAD46}.Release|Any CPU.Build.0 = Release|Any CPU
		{FA2E2216-0391-4CB7-8165-6F19F3BFAD46}.Release|Any CPU.Deploy.0 = Release|Any CPU
		{CEE71BB8-F943-41C5-B1BA-7916E6C757A8}.Debug|Any CPU.ActiveCfg = Debug|Any CPU
		{CEE71BB8-F943-41C5-B1BA-7916E6C757A8}.Debug|Any CPU.Build.0 = Debug|Any CPU
		{CEE71BB8-F943-41C5-B1BA-7916E6C757A8}.Release|Any CPU.ActiveCfg = Release|Any CPU
		{CEE71BB8-F943-41C5-B1BA-7916E6C757A8}.Release|Any CPU.Build.0 = Release|Any CPU
		{38C03A2A-8F18-43F2-A3C1-3B9C953D1D85}.Debug|Any CPU.ActiveCfg = Debug|Any CPU
		{38C03A2A-8F18-43F2-A3C1-3B9C953D1D85}.Debug|Any CPU.Build.0 = Debug|Any CPU
		{38C03A2A-8F18-43F2-A3C1-3B9C953D1D85}.Release|Any CPU.ActiveCfg = Release|Any CPU
		{38C03A2A-8F18-43F2-A3C1-3B9C953D1D85}.Release|Any CPU.Build.0 = Release|Any CPU
		{DF093D2C-DB02-4669-BFC5-8EBF0C3B14C1}.Debug|Any CPU.ActiveCfg = Debug|Any CPU
		{DF093D2C-DB02-4669-BFC5-8EBF0C3B14C1}.Debug|Any CPU.Build.0 = Debug|Any CPU
		{DF093D2C-DB02-4669-BFC5-8EBF0C3B14C1}.Release|Any CPU.ActiveCfg = Release|Any CPU
		{DF093D2C-DB02-4669-BFC5-8EBF0C3B14C1}.Release|Any CPU.Build.0 = Release|Any CPU
		{5C24E83E-D4ED-401C-A73D-F1AC4FC25F7C}.Debug|Any CPU.ActiveCfg = Debug|Any CPU
		{5C24E83E-D4ED-401C-A73D-F1AC4FC25F7C}.Debug|Any CPU.Build.0 = Debug|Any CPU
		{5C24E83E-D4ED-401C-A73D-F1AC4FC25F7C}.Release|Any CPU.ActiveCfg = Release|Any CPU
		{5C24E83E-D4ED-401C-A73D-F1AC4FC25F7C}.Release|Any CPU.Build.0 = Release|Any CPU
		{20BC1A10-77A6-44BB-A8C9-F17A5AEA793B}.Debug|Any CPU.ActiveCfg = Debug|Any CPU
		{20BC1A10-77A6-44BB-A8C9-F17A5AEA793B}.Debug|Any CPU.Build.0 = Debug|Any CPU
		{20BC1A10-77A6-44BB-A8C9-F17A5AEA793B}.Release|Any CPU.ActiveCfg = Release|Any CPU
		{20BC1A10-77A6-44BB-A8C9-F17A5AEA793B}.Release|Any CPU.Build.0 = Release|Any CPU
		{B7091D7E-75D9-40E5-94AB-44AFBC187530}.Debug|Any CPU.ActiveCfg = Debug|Any CPU
		{B7091D7E-75D9-40E5-94AB-44AFBC187530}.Debug|Any CPU.Build.0 = Debug|Any CPU
		{B7091D7E-75D9-40E5-94AB-44AFBC187530}.Release|Any CPU.ActiveCfg = Release|Any CPU
		{B7091D7E-75D9-40E5-94AB-44AFBC187530}.Release|Any CPU.Build.0 = Release|Any CPU
		{E559BD5A-FB90-49AD-9726-76E6F4D157B3}.Debug|Any CPU.ActiveCfg = Debug|Any CPU
		{E559BD5A-FB90-49AD-9726-76E6F4D157B3}.Debug|Any CPU.Build.0 = Debug|Any CPU
		{E559BD5A-FB90-49AD-9726-76E6F4D157B3}.Release|Any CPU.ActiveCfg = Release|Any CPU
		{E559BD5A-FB90-49AD-9726-76E6F4D157B3}.Release|Any CPU.Build.0 = Release|Any CPU
	EndGlobalSection
	GlobalSection(SolutionProperties) = preSolution
		HideSolutionNode = FALSE
	EndGlobalSection
	GlobalSection(NestedProjects) = preSolution
		{F32438A2-0B88-4109-ACBB-52CCA1621DCB} = {D651424C-3F52-42A8-A2BD-FC3F492A3CD2}
		{2BBD6A05-A11B-4F97-BC87-C2B97F20AF8B} = {D651424C-3F52-42A8-A2BD-FC3F492A3CD2}
		{FA2E2216-0391-4CB7-8165-6F19F3BFAD46} = {4E00718B-C8FD-4F6C-9F12-CCA46561507B}
		{C63AB4BF-7115-41FA-AA7F-AE5B5F481579} = {ADD84C44-39DD-4F8F-B870-CA41096D73F1}
		{E8B4D9C4-9804-45F5-BB65-76038BB10B2D} = {ADD84C44-39DD-4F8F-B870-CA41096D73F1}
		{E88EF2B8-436C-4BCA-BC65-016E672E880F} = {ADD84C44-39DD-4F8F-B870-CA41096D73F1}
		{CEE71BB8-F943-41C5-B1BA-7916E6C757A8} = {C63AB4BF-7115-41FA-AA7F-AE5B5F481579}
		{38C03A2A-8F18-43F2-A3C1-3B9C953D1D85} = {C63AB4BF-7115-41FA-AA7F-AE5B5F481579}
		{DF093D2C-DB02-4669-BFC5-8EBF0C3B14C1} = {E88EF2B8-436C-4BCA-BC65-016E672E880F}
		{5C24E83E-D4ED-401C-A73D-F1AC4FC25F7C} = {E88EF2B8-436C-4BCA-BC65-016E672E880F}
		{20BC1A10-77A6-44BB-A8C9-F17A5AEA793B} = {E88EF2B8-436C-4BCA-BC65-016E672E880F}
		{B7091D7E-75D9-40E5-94AB-44AFBC187530} = {E8B4D9C4-9804-45F5-BB65-76038BB10B2D}
		{E559BD5A-FB90-49AD-9726-76E6F4D157B3} = {644035EA-EED7-4E8B-9405-6045AFCDF593}
	EndGlobalSection
	GlobalSection(ExtensibilityGlobals) = postSolution
		SolutionGuid = {D744E633-D60C-4646-843F-95016DB190B8}
	EndGlobalSection
EndGlobal
